
Microsoft Visual Studio Solution File, Format Version 12.00
Project("{FAE04EC0-301F-11D3-BF4B-00C04F79EFBC}") = "CustomEventSourcing", "CustomEventSourcing\CustomEventSourcing.csproj", "{98F45BC2-1E9B-4C3B-B666-FD0DFFB5A834}"
EndProject
Project("{2150E333-8FDC-42A3-9474-1A3956D46DE8}") = "Solution Items", "Solution Items", "{79156A1D-3B0D-4C0F-ADCF-7CE7366D086B}"
	ProjectSection(SolutionItems) = preProject
		.gitignore = .gitignore
	EndProjectSection
EndProject
Global
	GlobalSection(SolutionConfigurationPlatforms) = preSolution
		Debug|Any CPU = Debug|Any CPU
		Release|Any CPU = Release|Any CPU
	EndGlobalSection
	GlobalSection(ProjectConfigurationPlatforms) = postSolution
		{98F45BC2-1E9B-4C3B-B666-FD0DFFB5A834}.Debug|Any CPU.ActiveCfg = Debug|Any CPU
		{98F45BC2-1E9B-4C3B-B666-FD0DFFB5A834}.Debug|Any CPU.Build.0 = Debug|Any CPU
		{98F45BC2-1E9B-4C3B-B666-FD0DFFB5A834}.Release|Any CPU.ActiveCfg = Release|Any CPU
		{98F45BC2-1E9B-4C3B-B666-FD0DFFB5A834}.Release|Any CPU.Build.0 = Release|Any CPU
	EndGlobalSection
EndGlobal
